// !$*UTF8*$!
{
	archiveVersion = 1;
	classes = {
	};
	objectVersion = 55;
	objects = {

/* Begin PBXBuildFile section */
		A26ED4FC28AE5BBD00FF2936 /* Instagram_CloneApp.swift in Sources */ = {isa = PBXBuildFile; fileRef = A26ED4FB28AE5BBD00FF2936 /* Instagram_CloneApp.swift */; };
		A26ED50028AE5BC000FF2936 /* Assets.xcassets in Resources */ = {isa = PBXBuildFile; fileRef = A26ED4FF28AE5BC000FF2936 /* Assets.xcassets */; };
		A26ED50328AE5BC000FF2936 /* Preview Assets.xcassets in Resources */ = {isa = PBXBuildFile; fileRef = A26ED50228AE5BC000FF2936 /* Preview Assets.xcassets */; };
		A26ED51128AE5E9300FF2936 /* FirebaseAuth in Frameworks */ = {isa = PBXBuildFile; productRef = A26ED51028AE5E9300FF2936 /* FirebaseAuth */; };
		A26ED51328AE5E9300FF2936 /* FirebaseDatabase in Frameworks */ = {isa = PBXBuildFile; productRef = A26ED51228AE5E9300FF2936 /* FirebaseDatabase */; };
		A26ED51528AE5E9300FF2936 /* FirebaseFirestore in Frameworks */ = {isa = PBXBuildFile; productRef = A26ED51428AE5E9300FF2936 /* FirebaseFirestore */; };
		A26ED51728AE5E9300FF2936 /* FirebaseFirestoreCombine-Community in Frameworks */ = {isa = PBXBuildFile; productRef = A26ED51628AE5E9300FF2936 /* FirebaseFirestoreCombine-Community */; };
		A26ED51928AE5E9300FF2936 /* FirebaseFirestoreSwift in Frameworks */ = {isa = PBXBuildFile; productRef = A26ED51828AE5E9300FF2936 /* FirebaseFirestoreSwift */; };
		A26ED51B28AE5E9300FF2936 /* FirebaseStorage in Frameworks */ = {isa = PBXBuildFile; productRef = A26ED51A28AE5E9300FF2936 /* FirebaseStorage */; };
		A26ED51D28AE5E9300FF2936 /* FirebaseStorageCombine-Community in Frameworks */ = {isa = PBXBuildFile; productRef = A26ED51C28AE5E9300FF2936 /* FirebaseStorageCombine-Community */; };
		A26ED52028AE60CA00FF2936 /* Kingfisher in Frameworks */ = {isa = PBXBuildFile; productRef = A26ED51F28AE60CA00FF2936 /* Kingfisher */; };
		A26ED52728AE722600FF2936 /* ActivityView.swift in Sources */ = {isa = PBXBuildFile; fileRef = A26ED52628AE722600FF2936 /* ActivityView.swift */; };
		A26ED52928AE723B00FF2936 /* FeedView.swift in Sources */ = {isa = PBXBuildFile; fileRef = A26ED52828AE723B00FF2936 /* FeedView.swift */; };
		A26ED52B28AE724800FF2936 /* SearchView.swift in Sources */ = {isa = PBXBuildFile; fileRef = A26ED52A28AE724800FF2936 /* SearchView.swift */; };
		A26ED52D28AE725400FF2936 /* ProfileView.swift in Sources */ = {isa = PBXBuildFile; fileRef = A26ED52C28AE725400FF2936 /* ProfileView.swift */; };
		A26ED52F28AE726600FF2936 /* MainView.swift in Sources */ = {isa = PBXBuildFile; fileRef = A26ED52E28AE726600FF2936 /* MainView.swift */; };
		A26ED53228AE734400FF2936 /* PostUploadView.swift in Sources */ = {isa = PBXBuildFile; fileRef = A26ED53128AE734400FF2936 /* PostUploadView.swift */; };
		A26ED53428AE73A900FF2936 /* ContentView.swift in Sources */ = {isa = PBXBuildFile; fileRef = A26ED53328AE73A900FF2936 /* ContentView.swift */; };
/* End PBXBuildFile section */

/* Begin PBXFileReference section */
		A26ED4F828AE5BBD00FF2936 /* Instagram_Clone.app */ = {isa = PBXFileReference; explicitFileType = wrapper.application; includeInIndex = 0; path = Instagram_Clone.app; sourceTree = BUILT_PRODUCTS_DIR; };
		A26ED4FB28AE5BBD00FF2936 /* Instagram_CloneApp.swift */ = {isa = PBXFileReference; lastKnownFileType = sourcecode.swift; path = Instagram_CloneApp.swift; sourceTree = "<group>"; };
		A26ED4FF28AE5BC000FF2936 /* Assets.xcassets */ = {isa = PBXFileReference; lastKnownFileType = folder.assetcatalog; path = Assets.xcassets; sourceTree = "<group>"; };
		A26ED50228AE5BC000FF2936 /* Preview Assets.xcassets */ = {isa = PBXFileReference; lastKnownFileType = folder.assetcatalog; path = "Preview Assets.xcassets"; sourceTree = "<group>"; };
		A26ED52628AE722600FF2936 /* ActivityView.swift */ = {isa = PBXFileReference; lastKnownFileType = sourcecode.swift; path = ActivityView.swift; sourceTree = "<group>"; };
		A26ED52828AE723B00FF2936 /* FeedView.swift */ = {isa = PBXFileReference; lastKnownFileType = sourcecode.swift; path = FeedView.swift; sourceTree = "<group>"; };
		A26ED52A28AE724800FF2936 /* SearchView.swift */ = {isa = PBXFileReference; lastKnownFileType = sourcecode.swift; path = SearchView.swift; sourceTree = "<group>"; };
		A26ED52C28AE725400FF2936 /* ProfileView.swift */ = {isa = PBXFileReference; lastKnownFileType = sourcecode.swift; path = ProfileView.swift; sourceTree = "<group>"; };
		A26ED52E28AE726600FF2936 /* MainView.swift */ = {isa = PBXFileReference; lastKnownFileType = sourcecode.swift; path = MainView.swift; sourceTree = "<group>"; };
		A26ED53128AE734400FF2936 /* PostUploadView.swift */ = {isa = PBXFileReference; lastKnownFileType = sourcecode.swift; path = PostUploadView.swift; sourceTree = "<group>"; };
		A26ED53328AE73A900FF2936 /* ContentView.swift */ = {isa = PBXFileReference; lastKnownFileType = sourcecode.swift; path = ContentView.swift; sourceTree = "<group>"; };
/* End PBXFileReference section */

/* Begin PBXFrameworksBuildPhase section */
		A26ED4F528AE5BBD00FF2936 /* Frameworks */ = {
			isa = PBXFrameworksBuildPhase;
			buildActionMask = 2147483647;
			files = (
				A26ED51928AE5E9300FF2936 /* FirebaseFirestoreSwift in Frameworks */,
				A26ED51D28AE5E9300FF2936 /* FirebaseStorageCombine-Community in Frameworks */,
				A26ED51328AE5E9300FF2936 /* FirebaseDatabase in Frameworks */,
				A26ED51728AE5E9300FF2936 /* FirebaseFirestoreCombine-Community in Frameworks */,
				A26ED52028AE60CA00FF2936 /* Kingfisher in Frameworks */,
				A26ED51128AE5E9300FF2936 /* FirebaseAuth in Frameworks */,
				A26ED51528AE5E9300FF2936 /* FirebaseFirestore in Frameworks */,
				A26ED51B28AE5E9300FF2936 /* FirebaseStorage in Frameworks */,
			);
			runOnlyForDeploymentPostprocessing = 0;
		};
/* End PBXFrameworksBuildPhase section */

/* Begin PBXGroup section */
		A26ED4EF28AE5BBD00FF2936 = {
			isa = PBXGroup;
			children = (
				A26ED4FA28AE5BBD00FF2936 /* Instagram_Clone */,
				A26ED4F928AE5BBD00FF2936 /* Products */,
			);
			sourceTree = "<group>";
		};
		A26ED4F928AE5BBD00FF2936 /* Products */ = {
			isa = PBXGroup;
			children = (
				A26ED4F828AE5BBD00FF2936 /* Instagram_Clone.app */,
			);
			name = Products;
			sourceTree = "<group>";
		};
		A26ED4FA28AE5BBD00FF2936 /* Instagram_Clone */ = {
			isa = PBXGroup;
			children = (
				A26ED50E28AE5D2200FF2936 /* API */,
				A26ED50D28AE5D1A00FF2936 /* Utils */,
				A26ED50C28AE5D1100FF2936 /* Model */,
				A26ED50A28AE5CFE00FF2936 /* ViewModel */,
				A26ED50928AE5CCA00FF2936 /* View */,
				A26ED4FB28AE5BBD00FF2936 /* Instagram_CloneApp.swift */,
				A26ED4FF28AE5BC000FF2936 /* Assets.xcassets */,
				A26ED50128AE5BC000FF2936 /* Preview Content */,
			);
			path = Instagram_Clone;
			sourceTree = "<group>";
		};
		A26ED50128AE5BC000FF2936 /* Preview Content */ = {
			isa = PBXGroup;
			children = (
				A26ED50228AE5BC000FF2936 /* Preview Assets.xcassets */,
			);
			path = "Preview Content";
			sourceTree = "<group>";
		};
		A26ED50928AE5CCA00FF2936 /* View */ = {
			isa = PBXGroup;
			children = (
				A26ED53028AE732100FF2936 /* PostUpload */,
				A26ED52528AE71DE00FF2936 /* Activity */,
				A26ED52428AE71B600FF2936 /* Feed */,
				A26ED52328AE71A600FF2936 /* Search */,
				A26ED52228AE718F00FF2936 /* Profile */,
				A26ED52128AE716600FF2936 /* Main */,
			);
			path = View;
			sourceTree = "<group>";
		};
		A26ED50A28AE5CFE00FF2936 /* ViewModel */ = {
			isa = PBXGroup;
			children = (
			);
			path = ViewModel;
			sourceTree = "<group>";
		};
		A26ED50C28AE5D1100FF2936 /* Model */ = {
			isa = PBXGroup;
			children = (
			);
			path = Model;
			sourceTree = "<group>";
		};
		A26ED50D28AE5D1A00FF2936 /* Utils */ = {
			isa = PBXGroup;
			children = (
			);
			path = Utils;
			sourceTree = "<group>";
		};
		A26ED50E28AE5D2200FF2936 /* API */ = {
			isa = PBXGroup;
			children = (
			);
			path = API;
			sourceTree = "<group>";
		};
		A26ED52128AE716600FF2936 /* Main */ = {
			isa = PBXGroup;
			children = (
				A26ED52E28AE726600FF2936 /* MainView.swift */,
				A26ED53328AE73A900FF2936 /* ContentView.swift */,
			);
			path = Main;
			sourceTree = "<group>";
		};
		A26ED52228AE718F00FF2936 /* Profile */ = {
			isa = PBXGroup;
			children = (
				A26ED52C28AE725400FF2936 /* ProfileView.swift */,
			);
			path = Profile;
			sourceTree = "<group>";
		};
		A26ED52328AE71A600FF2936 /* Search */ = {
			isa = PBXGroup;
			children = (
				A26ED52A28AE724800FF2936 /* SearchView.swift */,
			);
			path = Search;
			sourceTree = "<group>";
		};
		A26ED52428AE71B600FF2936 /* Feed */ = {
			isa = PBXGroup;
			children = (
				A26ED52828AE723B00FF2936 /* FeedView.swift */,
			);
			path = Feed;
			sourceTree = "<group>";
		};
		A26ED52528AE71DE00FF2936 /* Activity */ = {
			isa = PBXGroup;
			children = (
				A26ED52628AE722600FF2936 /* ActivityView.swift */,
			);
			path = Activity;
			sourceTree = "<group>";
		};
		A26ED53028AE732100FF2936 /* PostUpload */ = {
			isa = PBXGroup;
			children = (
				A26ED53128AE734400FF2936 /* PostUploadView.swift */,
			);
			path = PostUpload;
			sourceTree = "<group>";
		};
/* End PBXGroup section */

/* Begin PBXNativeTarget section */
		A26ED4F728AE5BBD00FF2936 /* Instagram_Clone */ = {
			isa = PBXNativeTarget;
			buildConfigurationList = A26ED50628AE5BC000FF2936 /* Build configuration list for PBXNativeTarget "Instagram_Clone" */;
			buildPhases = (
				A26ED4F428AE5BBD00FF2936 /* Sources */,
				A26ED4F528AE5BBD00FF2936 /* Frameworks */,
				A26ED4F628AE5BBD00FF2936 /* Resources */,
			);
			buildRules = (
			);
			dependencies = (
			);
			name = Instagram_Clone;
			packageProductDependencies = (
				A26ED51028AE5E9300FF2936 /* FirebaseAuth */,
				A26ED51228AE5E9300FF2936 /* FirebaseDatabase */,
				A26ED51428AE5E9300FF2936 /* FirebaseFirestore */,
				A26ED51628AE5E9300FF2936 /* FirebaseFirestoreCombine-Community */,
				A26ED51828AE5E9300FF2936 /* FirebaseFirestoreSwift */,
				A26ED51A28AE5E9300FF2936 /* FirebaseStorage */,
				A26ED51C28AE5E9300FF2936 /* FirebaseStorageCombine-Community */,
				A26ED51F28AE60CA00FF2936 /* Kingfisher */,
			);
			productName = Instagram_Clone;
			productReference = A26ED4F828AE5BBD00FF2936 /* Instagram_Clone.app */;
			productType = "com.apple.product-type.application";
		};
/* End PBXNativeTarget section */

/* Begin PBXProject section */
		A26ED4F028AE5BBD00FF2936 /* Project object */ = {
			isa = PBXProject;
			attributes = {
				BuildIndependentTargetsInParallel = 1;
				LastSwiftUpdateCheck = 1340;
				LastUpgradeCheck = 1340;
				TargetAttributes = {
					A26ED4F728AE5BBD00FF2936 = {
						CreatedOnToolsVersion = 13.4.1;
					};
				};
			};
			buildConfigurationList = A26ED4F328AE5BBD00FF2936 /* Build configuration list for PBXProject "Instagram_Clone" */;
			compatibilityVersion = "Xcode 13.0";
			developmentRegion = en;
			hasScannedForEncodings = 0;
			knownRegions = (
				en,
				Base,
			);
			mainGroup = A26ED4EF28AE5BBD00FF2936;
			packageReferences = (
				A26ED50F28AE5E9300FF2936 /* XCRemoteSwiftPackageReference "firebase-ios-sdk" */,
				A26ED51E28AE60CA00FF2936 /* XCRemoteSwiftPackageReference "Kingfisher" */,
			);
			productRefGroup = A26ED4F928AE5BBD00FF2936 /* Products */;
			projectDirPath = "";
			projectRoot = "";
			targets = (
				A26ED4F728AE5BBD00FF2936 /* Instagram_Clone */,
			);
		};
/* End PBXProject section */

/* Begin PBXResourcesBuildPhase section */
		A26ED4F628AE5BBD00FF2936 /* Resources */ = {
			isa = PBXResourcesBuildPhase;
			buildActionMask = 2147483647;
			files = (
				A26ED50328AE5BC000FF2936 /* Preview Assets.xcassets in Resources */,
				A26ED50028AE5BC000FF2936 /* Assets.xcassets in Resources */,
			);
			runOnlyForDeploymentPostprocessing = 0;
		};
/* End PBXResourcesBuildPhase section */

/* Begin PBXSourcesBuildPhase section */
		A26ED4F428AE5BBD00FF2936 /* Sources */ = {
			isa = PBXSourcesBuildPhase;
			buildActionMask = 2147483647;
			files = (
				A26ED52B28AE724800FF2936 /* SearchView.swift in Sources */,
				A26ED52F28AE726600FF2936 /* MainView.swift in Sources */,
				A26ED53428AE73A900FF2936 /* ContentView.swift in Sources */,
				A26ED52928AE723B00FF2936 /* FeedView.swift in Sources */,
				A26ED4FC28AE5BBD00FF2936 /* Instagram_CloneApp.swift in Sources */,
				A26ED53228AE734400FF2936 /* PostUploadView.swift in Sources */,
				A26ED52D28AE725400FF2936 /* ProfileView.swift in Sources */,
				A26ED52728AE722600FF2936 /* ActivityView.swift in Sources */,
			);
			runOnlyForDeploymentPostprocessing = 0;
		};
/* End PBXSourcesBuildPhase section */

/* Begin XCBuildConfiguration section */
		A26ED50428AE5BC000FF2936 /* Debug */ = {
			isa = XCBuildConfiguration;
			buildSettings = {
				ALWAYS_SEARCH_USER_PATHS = NO;
				CLANG_ANALYZER_NONNULL = YES;
				CLANG_ANALYZER_NUMBER_OBJECT_CONVERSION = YES_AGGRESSIVE;
				CLANG_CXX_LANGUAGE_STANDARD = "gnu++17";
				CLANG_ENABLE_MODULES = YES;
				CLANG_ENABLE_OBJC_ARC = YES;
				CLANG_ENABLE_OBJC_WEAK = YES;
				CLANG_WARN_BLOCK_CAPTURE_AUTORELEASING = YES;
				CLANG_WARN_BOOL_CONVERSION = YES;
				CLANG_WARN_COMMA = YES;
				CLANG_WARN_CONSTANT_CONVERSION = YES;
				CLANG_WARN_DEPRECATED_OBJC_IMPLEMENTATIONS = YES;
				CLANG_WARN_DIRECT_OBJC_ISA_USAGE = YES_ERROR;
				CLANG_WARN_DOCUMENTATION_COMMENTS = YES;
				CLANG_WARN_EMPTY_BODY = YES;
				CLANG_WARN_ENUM_CONVERSION = YES;
				CLANG_WARN_INFINITE_RECURSION = YES;
				CLANG_WARN_INT_CONVERSION = YES;
				CLANG_WARN_NON_LITERAL_NULL_CONVERSION = YES;
				CLANG_WARN_OBJC_IMPLICIT_RETAIN_SELF = YES;
				CLANG_WARN_OBJC_LITERAL_CONVERSION = YES;
				CLANG_WARN_OBJC_ROOT_CLASS = YES_ERROR;
				CLANG_WARN_QUOTED_INCLUDE_IN_FRAMEWORK_HEADER = YES;
				CLANG_WARN_RANGE_LOOP_ANALYSIS = YES;
				CLANG_WARN_STRICT_PROTOTYPES = YES;
				CLANG_WARN_SUSPICIOUS_MOVE = YES;
				CLANG_WARN_UNGUARDED_AVAILABILITY = YES_AGGRESSIVE;
				CLANG_WARN_UNREACHABLE_CODE = YES;
				CLANG_WARN__DUPLICATE_METHOD_MATCH = YES;
				COPY_PHASE_STRIP = NO;
				DEBUG_INFORMATION_FORMAT = dwarf;
				ENABLE_STRICT_OBJC_MSGSEND = YES;
				ENABLE_TESTABILITY = YES;
				GCC_C_LANGUAGE_STANDARD = gnu11;
				GCC_DYNAMIC_NO_PIC = NO;
				GCC_NO_COMMON_BLOCKS = YES;
				GCC_OPTIMIZATION_LEVEL = 0;
				GCC_PREPROCESSOR_DEFINITIONS = (
					"DEBUG=1",
					"$(inherited)",
				);
				GCC_WARN_64_TO_32_BIT_CONVERSION = YES;
				GCC_WARN_ABOUT_RETURN_TYPE = YES_ERROR;
				GCC_WARN_UNDECLARED_SELECTOR = YES;
				GCC_WARN_UNINITIALIZED_AUTOS = YES_AGGRESSIVE;
				GCC_WARN_UNUSED_FUNCTION = YES;
				GCC_WARN_UNUSED_VARIABLE = YES;
				IPHONEOS_DEPLOYMENT_TARGET = 15.5;
				MTL_ENABLE_DEBUG_INFO = INCLUDE_SOURCE;
				MTL_FAST_MATH = YES;
				ONLY_ACTIVE_ARCH = YES;
				SDKROOT = iphoneos;
				SWIFT_ACTIVE_COMPILATION_CONDITIONS = DEBUG;
				SWIFT_OPTIMIZATION_LEVEL = "-Onone";
			};
			name = Debug;
		};
		A26ED50528AE5BC000FF2936 /* Release */ = {
			isa = XCBuildConfiguration;
			buildSettings = {
				ALWAYS_SEARCH_USER_PATHS = NO;
				CLANG_ANALYZER_NONNULL = YES;
				CLANG_ANALYZER_NUMBER_OBJECT_CONVERSION = YES_AGGRESSIVE;
				CLANG_CXX_LANGUAGE_STANDARD = "gnu++17";
				CLANG_ENABLE_MODULES = YES;
				CLANG_ENABLE_OBJC_ARC = YES;
				CLANG_ENABLE_OBJC_WEAK = YES;
				CLANG_WARN_BLOCK_CAPTURE_AUTORELEASING = YES;
				CLANG_WARN_BOOL_CONVERSION = YES;
				CLANG_WARN_COMMA = YES;
				CLANG_WARN_CONSTANT_CONVERSION = YES;
				CLANG_WARN_DEPRECATED_OBJC_IMPLEMENTATIONS = YES;
				CLANG_WARN_DIRECT_OBJC_ISA_USAGE = YES_ERROR;
				CLANG_WARN_DOCUMENTATION_COMMENTS = YES;
				CLANG_WARN_EMPTY_BODY = YES;
				CLANG_WARN_ENUM_CONVERSION = YES;
				CLANG_WARN_INFINITE_RECURSION = YES;
				CLANG_WARN_INT_CONVERSION = YES;
				CLANG_WARN_NON_LITERAL_NULL_CONVERSION = YES;
				CLANG_WARN_OBJC_IMPLICIT_RETAIN_SELF = YES;
				CLANG_WARN_OBJC_LITERAL_CONVERSION = YES;
				CLANG_WARN_OBJC_ROOT_CLASS = YES_ERROR;
				CLANG_WARN_QUOTED_INCLUDE_IN_FRAMEWORK_HEADER = YES;
				CLANG_WARN_RANGE_LOOP_ANALYSIS = YES;
				CLANG_WARN_STRICT_PROTOTYPES = YES;
				CLANG_WARN_SUSPICIOUS_MOVE = YES;
				CLANG_WARN_UNGUARDED_AVAILABILITY = YES_AGGRESSIVE;
				CLANG_WARN_UNREACHABLE_CODE = YES;
				CLANG_WARN__DUPLICATE_METHOD_MATCH = YES;
				COPY_PHASE_STRIP = NO;
				DEBUG_INFORMATION_FORMAT = "dwarf-with-dsym";
				ENABLE_NS_ASSERTIONS = NO;
				ENABLE_STRICT_OBJC_MSGSEND = YES;
				GCC_C_LANGUAGE_STANDARD = gnu11;
				GCC_NO_COMMON_BLOCKS = YES;
				GCC_WARN_64_TO_32_BIT_CONVERSION = YES;
				GCC_WARN_ABOUT_RETURN_TYPE = YES_ERROR;
				GCC_WARN_UNDECLARED_SELECTOR = YES;
				GCC_WARN_UNINITIALIZED_AUTOS = YES_AGGRESSIVE;
				GCC_WARN_UNUSED_FUNCTION = YES;
				GCC_WARN_UNUSED_VARIABLE = YES;
				IPHONEOS_DEPLOYMENT_TARGET = 15.5;
				MTL_ENABLE_DEBUG_INFO = NO;
				MTL_FAST_MATH = YES;
				SDKROOT = iphoneos;
				SWIFT_COMPILATION_MODE = wholemodule;
				SWIFT_OPTIMIZATION_LEVEL = "-O";
				VALIDATE_PRODUCT = YES;
			};
			name = Release;
		};
		A26ED50728AE5BC000FF2936 /* Debug */ = {
			isa = XCBuildConfiguration;
			buildSettings = {
				ASSETCATALOG_COMPILER_APPICON_NAME = AppIcon;
				ASSETCATALOG_COMPILER_GLOBAL_ACCENT_COLOR_NAME = AccentColor;
				CODE_SIGN_STYLE = Automatic;
				CURRENT_PROJECT_VERSION = 1;
				DEVELOPMENT_ASSET_PATHS = "\"Instagram_Clone/Preview Content\"";
				DEVELOPMENT_TEAM = 7LL8TKGA3U;
				ENABLE_PREVIEWS = YES;
				GENERATE_INFOPLIST_FILE = YES;
				INFOPLIST_KEY_UIApplicationSceneManifest_Generation = YES;
				INFOPLIST_KEY_UIApplicationSupportsIndirectInputEvents = YES;
				INFOPLIST_KEY_UILaunchScreen_Generation = YES;
				INFOPLIST_KEY_UISupportedInterfaceOrientations_iPad = "UIInterfaceOrientationPortrait UIInterfaceOrientationPortraitUpsideDown UIInterfaceOrientationLandscapeLeft UIInterfaceOrientationLandscapeRight";
				INFOPLIST_KEY_UISupportedInterfaceOrientations_iPhone = "UIInterfaceOrientationPortrait UIInterfaceOrientationLandscapeLeft UIInterfaceOrientationLandscapeRight";
				LD_RUNPATH_SEARCH_PATHS = (
					"$(inherited)",
					"@executable_path/Frameworks",
				);
				MARKETING_VERSION = 1.0;
				PRODUCT_BUNDLE_IDENTIFIER = "com.mateo.Instagram-Clone";
				PRODUCT_NAME = "$(TARGET_NAME)";
				SWIFT_EMIT_LOC_STRINGS = YES;
				SWIFT_VERSION = 5.0;
				TARGETED_DEVICE_FAMILY = "1,2";
			};
			name = Debug;
		};
		A26ED50828AE5BC000FF2936 /* Release */ = {
			isa = XCBuildConfiguration;
			buildSettings = {
				ASSETCATALOG_COMPILER_APPICON_NAME = AppIcon;
				ASSETCATALOG_COMPILER_GLOBAL_ACCENT_COLOR_NAME = AccentColor;
				CODE_SIGN_STYLE = Automatic;
				CURRENT_PROJECT_VERSION = 1;
				DEVELOPMENT_ASSET_PATHS = "\"Instagram_Clone/Preview Content\"";
				DEVELOPMENT_TEAM = 7LL8TKGA3U;
				ENABLE_PREVIEWS = YES;
				GENERATE_INFOPLIST_FILE = YES;
				INFOPLIST_KEY_UIApplicationSceneManifest_Generation = YES;
				INFOPLIST_KEY_UIApplicationSupportsIndirectInputEvents = YES;
				INFOPLIST_KEY_UILaunchScreen_Generation = YES;
				INFOPLIST_KEY_UISupportedInterfaceOrientations_iPad = "UIInterfaceOrientationPortrait UIInterfaceOrientationPortraitUpsideDown UIInterfaceOrientationLandscapeLeft UIInterfaceOrientationLandscapeRight";
				INFOPLIST_KEY_UISupportedInterfaceOrientations_iPhone = "UIInterfaceOrientationPortrait UIInterfaceOrientationLandscapeLeft UIInterfaceOrientationLandscapeRight";
				LD_RUNPATH_SEARCH_PATHS = (
					"$(inherited)",
					"@executable_path/Frameworks",
				);
				MARKETING_VERSION = 1.0;
				PRODUCT_BUNDLE_IDENTIFIER = "com.mateo.Instagram-Clone";
				PRODUCT_NAME = "$(TARGET_NAME)";
				SWIFT_EMIT_LOC_STRINGS = YES;
				SWIFT_VERSION = 5.0;
				TARGETED_DEVICE_FAMILY = "1,2";
			};
			name = Release;
		};
/* End XCBuildConfiguration section */

/* Begin XCConfigurationList section */
		A26ED4F328AE5BBD00FF2936 /* Build configuration list for PBXProject "Instagram_Clone" */ = {
			isa = XCConfigurationList;
			buildConfigurations = (
				A26ED50428AE5BC000FF2936 /* Debug */,
				A26ED50528AE5BC000FF2936 /* Release */,
			);
			defaultConfigurationIsVisible = 0;
			defaultConfigurationName = Release;
		};
		A26ED50628AE5BC000FF2936 /* Build configuration list for PBXNativeTarget "Instagram_Clone" */ = {
			isa = XCConfigurationList;
			buildConfigurations = (
				A26ED50728AE5BC000FF2936 /* Debug */,
				A26ED50828AE5BC000FF2936 /* Release */,
			);
			defaultConfigurationIsVisible = 0;
			defaultConfigurationName = Release;
		};
/* End XCConfigurationList section */

/* Begin XCRemoteSwiftPackageReference section */
		A26ED50F28AE5E9300FF2936 /* XCRemoteSwiftPackageReference "firebase-ios-sdk" */ = {
			isa = XCRemoteSwiftPackageReference;
			repositoryURL = "https://github.com/firebase/firebase-ios-sdk.git";
			requirement = {
				kind = upToNextMajorVersion;
				minimumVersion = 9.0.0;
			};
		};
		A26ED51E28AE60CA00FF2936 /* XCRemoteSwiftPackageReference "Kingfisher" */ = {
			isa = XCRemoteSwiftPackageReference;
			repositoryURL = "https://github.com/onevcat/Kingfisher.git";
			requirement = {
				kind = upToNextMajorVersion;
				minimumVersion = 7.0.0;
			};
		};
/* End XCRemoteSwiftPackageReference section */

/* Begin XCSwiftPackageProductDependency section */
		A26ED51028AE5E9300FF2936 /* FirebaseAuth */ = {
			isa = XCSwiftPackageProductDependency;
			package = A26ED50F28AE5E9300FF2936 /* XCRemoteSwiftPackageReference "firebase-ios-sdk" */;
			productName = FirebaseAuth;
		};
		A26ED51228AE5E9300FF2936 /* FirebaseDatabase */ = {
			isa = XCSwiftPackageProductDependency;
			package = A26ED50F28AE5E9300FF2936 /* XCRemoteSwiftPackageReference "firebase-ios-sdk" */;
			productName = FirebaseDatabase;
		};
		A26ED51428AE5E9300FF2936 /* FirebaseFirestore */ = {
			isa = XCSwiftPackageProductDependency;
			package = A26ED50F28AE5E9300FF2936 /* XCRemoteSwiftPackageReference "firebase-ios-sdk" */;
			productName = FirebaseFirestore;
		};
		A26ED51628AE5E9300FF2936 /* FirebaseFirestoreCombine-Community */ = {
			isa = XCSwiftPackageProductDependency;
			package = A26ED50F28AE5E9300FF2936 /* XCRemoteSwiftPackageReference "firebase-ios-sdk" */;
			productName = "FirebaseFirestoreCombine-Community";
		};
		A26ED51828AE5E9300FF2936 /* FirebaseFirestoreSwift */ = {
			isa = XCSwiftPackageProductDependency;
			package = A26ED50F28AE5E9300FF2936 /* XCRemoteSwiftPackageReference "firebase-ios-sdk" */;
			productName = FirebaseFirestoreSwift;
		};
		A26ED51A28AE5E9300FF2936 /* FirebaseStorage */ = {
			isa = XCSwiftPackageProductDependency;
			package = A26ED50F28AE5E9300FF2936 /* XCRemoteSwiftPackageReference "firebase-ios-sdk" */;
			productName = FirebaseStorage;
		};
		A26ED51C28AE5E9300FF2936 /* FirebaseStorageCombine-Community */ = {
			isa = XCSwiftPackageProductDependency;
			package = A26ED50F28AE5E9300FF2936 /* XCRemoteSwiftPackageReference "firebase-ios-sdk" */;
			productName = "FirebaseStorageCombine-Community";
		};
		A26ED51F28AE60CA00FF2936 /* Kingfisher */ = {
			isa = XCSwiftPackageProductDependency;
			package = A26ED51E28AE60CA00FF2936 /* XCRemoteSwiftPackageReference "Kingfisher" */;
			productName = Kingfisher;
		};
/* End XCSwiftPackageProductDependency section */
	};
	rootObject = A26ED4F028AE5BBD00FF2936 /* Project object */;
}
